
Microsoft Visual Studio Solution File, Format Version 12.00
# Visual Studio Version 16
VisualStudioVersion = 16.0.30621.155
MinimumVisualStudioVersion = 10.0.40219.1
Project("{9092AA53-FB77-4645-B42D-1CCCA6BD08BD}") = "app.js", "app.js\app.js.njsproj", "{68718BC2-EA48-483E-8D61-6EFE17909F65}"
EndProject
Global
	GlobalSection(SolutionConfigurationPlatforms) = preSolution
		Debug|Any CPU = Debug|Any CPU
		Release|Any CPU = Release|Any CPU
	EndGlobalSection
	GlobalSection(ProjectConfigurationPlatforms) = postSolution
		{68718BC2-EA48-483E-8D61-6EFE17909F65}.Debug|Any CPU.ActiveCfg = Debug|Any CPU
		{68718BC2-EA48-483E-8D61-6EFE17909F65}.Debug|Any CPU.Build.0 = Debug|Any CPU
		{68718BC2-EA48-483E-8D61-6EFE17909F65}.Release|Any CPU.ActiveCfg = Release|Any CPU
		{68718BC2-EA48-483E-8D61-6EFE17909F65}.Release|Any CPU.Build.0 = Release|Any CPU
	EndGlobalSection
	GlobalSection(SolutionProperties) = preSolution
		HideSolutionNode = FALSE
	EndGlobalSection
	GlobalSection(ExtensibilityGlobals) = postSolution
		SolutionGuid = {859DFF7E-19B1-404E-A47A-3E32899E3C71}
	EndGlobalSection
EndGlobal
