
Microsoft Visual Studio Solution File, Format Version 12.00
# Visual Studio Version 16
VisualStudioVersion = 16.0.30621.155
MinimumVisualStudioVersion = 10.0.40219.1
Project("{2150E333-8FDC-42A3-9474-1A3956D46DE8}") = "Public", "Public", "{38965AE0-72FC-4223-8A1C-A4D15529CA83}"
	ProjectSection(SolutionItems) = preProject
		index.js = index.js
	EndProjectSection
EndProject
Project("{2150E333-8FDC-42A3-9474-1A3956D46DE8}") = "Model", "Model", "{6BB5ACC5-7005-46DC-994E-700CC546DA98}"
EndProject
Project("{2150E333-8FDC-42A3-9474-1A3956D46DE8}") = "NewFolder1", "NewFolder1", "{DA141170-1E10-4F4C-8950-2087F2E1C764}"
EndProject
Project("{2150E333-8FDC-42A3-9474-1A3956D46DE8}") = "NewFolder2", "NewFolder2", "{31EECE63-ED78-4DCF-82AC-82B182747E3D}"
EndProject
Global
	GlobalSection(SolutionProperties) = preSolution
		HideSolutionNode = FALSE
	EndGlobalSection
	GlobalSection(NestedProjects) = preSolution
		{DA141170-1E10-4F4C-8950-2087F2E1C764} = {38965AE0-72FC-4223-8A1C-A4D15529CA83}
		{31EECE63-ED78-4DCF-82AC-82B182747E3D} = {38965AE0-72FC-4223-8A1C-A4D15529CA83}
	EndGlobalSection
	GlobalSection(ExtensibilityGlobals) = postSolution
		SolutionGuid = {4C683C10-CE33-4911-9736-9A2B3DD769EE}
	EndGlobalSection
EndGlobal
